<?xml version="1.0" encoding="utf-8"?>
<Project ToolsVersion="4.0" xmlns="http://schemas.microsoft.com/developer/msbuild/2003">
  <ItemGroup>
    <Filter Include="Source files">
      <UniqueIdentifier>{7773888b-91f6-46e3-bed1-c5ba829ea1bc}</UniqueIdentifier>
      <Extensions>cpp;c;cc;cxx;def;odl;idl;hpj;bat;asm;asmx</Extensions>
    </Filter>
    <Filter Include="Header files">
      <UniqueIdentifier>{9e4292dc-8b02-47ce-93b9-819b32c26b5b}</UniqueIdentifier>
      <Extensions>h;hpp;hxx;hm;inl;inc;xsd</Extensions>
    </Filter>
    <Filter Include="Resource files">
      <UniqueIdentifier>{be92a7be-6421-4d2f-a858-ee2b2ca5dc80}</UniqueIdentifier>
      <Extensions>rc;ico;cur;bmp;dlg;rc2;rct;bin;rgs;gif;jpg;jpeg;jpe;resx;tiff;tif;png;wav</Extensions>
    </Filter>
    <Filter Include="VisualGDB settings">
      <UniqueIdentifier>{c4b506e6-bd1b-477b-a6d3-fc9727cf4503}</UniqueIdentifier>
      <Extensions>vgdbsettings</Extensions>
    </Filter>
  </ItemGroup>
  <ItemGroup>
    <ClCompile Include="trafficLightTask.cpp">
      <Filter>Source files</Filter>
    </ClCompile>
    <ClCompile Include="lght.cpp">
      <Filter>Source files</Filter>
    </ClCompile>
    <ClCompile Include="router.cpp">
      <Filter>Source files</Filter>
    </ClCompile>
  </ItemGroup>
  <ItemGroup>
    <None Include="trafficLightTask-Debug.vgdbsettings">
      <Filter>VisualGDB settings</Filter>
    </None>
    <None Include="trafficLightTask-Release.vgdbsettings">
      <Filter>VisualGDB settings</Filter>
    </None>
  </ItemGroup>
  <ItemGroup>
    <ClInclude Include="lght.h">
      <Filter>Header files</Filter>
    </ClInclude>
    <ClInclude Include="router.h">
      <Filter>Header files</Filter>
    </ClInclude>
    <ClInclude Include="lightDriver.h">
      <Filter>Header files</Filter>
    </ClInclude>
  </ItemGroup>
</Project>